
Microsoft Visual Studio Solution File, Format Version 12.00
# Visual Studio 15
VisualStudioVersion = 15.0.28307.136
MinimumVisualStudioVersion = 10.0.40219.1
Project("{FAE04EC0-301F-11D3-BF4B-00C04F79EFBC}") = "Tempocracy.Web", "Tempocracy.Web\Tempocracy.Web.csproj", "{521FC164-91BE-4C17-B057-0BAE8D85E5BE}"
EndProject
Global
	GlobalSection(SolutionConfigurationPlatforms) = preSolution
		Debug|Any CPU = Debug|Any CPU
		Release|Any CPU = Release|Any CPU
	EndGlobalSection
	GlobalSection(ProjectConfigurationPlatforms) = postSolution
		{521FC164-91BE-4C17-B057-0BAE8D85E5BE}.Debug|Any CPU.ActiveCfg = Debug|Any CPU
		{521FC164-91BE-4C17-B057-0BAE8D85E5BE}.Debug|Any CPU.Build.0 = Debug|Any CPU
		{521FC164-91BE-4C17-B057-0BAE8D85E5BE}.Release|Any CPU.ActiveCfg = Release|Any CPU
		{521FC164-91BE-4C17-B057-0BAE8D85E5BE}.Release|Any CPU.Build.0 = Release|Any CPU
	EndGlobalSection
	GlobalSection(SolutionProperties) = preSolution
		HideSolutionNode = FALSE
	EndGlobalSection
	GlobalSection(ExtensibilityGlobals) = postSolution
		SolutionGuid = {FD12998E-4093-4B5E-9453-20AFE0E483FC}
	EndGlobalSection
EndGlobal
